
Microsoft Visual Studio Solution File, Format Version 10.00
# Visual Studio 2008
Project("{54435603-DBB4-11D2-8724-00A0C9A8B90C}") = "setup_vs2008", "setup_vs2008.vdproj", "{0D61883E-4E6A-4F19-9F3D-9D271B31E15F}"
EndProject
Global
	GlobalSection(SolutionConfigurationPlatforms) = preSolution
		Release|Default = Release|Default
	EndGlobalSection
	GlobalSection(ProjectConfigurationPlatforms) = postSolution
		{0D61883E-4E6A-4F19-9F3D-9D271B31E15F}.Release|Default.ActiveCfg = Release
		{0D61883E-4E6A-4F19-9F3D-9D271B31E15F}.Release|Default.Build.0 = Release
	EndGlobalSection
	GlobalSection(SolutionProperties) = preSolution
		HideSolutionNode = FALSE
	EndGlobalSection
EndGlobal
